// !$*UTF8*$!
{
	archiveVersion = 1;
	classes = {
	};
	objectVersion = 46;
	objects = {

/* Begin PBXBuildFile section */
		BF97537E19D473E9008198F7 /* main.m in Sources */ = {isa = PBXBuildFile; fileRef = BF97537D19D473E9008198F7 /* main.m */; };
		BF97538119D473E9008198F7 /* AppDelegate.m in Sources */ = {isa = PBXBuildFile; fileRef = BF97538019D473E9008198F7 /* AppDelegate.m */; };
		BF97538919D473E9008198F7 /* Images.xcassets in Resources */ = {isa = PBXBuildFile; fileRef = BF97538819D473E9008198F7 /* Images.xcassets */; };
		BF97539819D473E9008198F7 /* IOS_SpectralFluxTests.m in Sources */ = {isa = PBXBuildFile; fileRef = BF97539719D473E9008198F7 /* IOS_SpectralFluxTests.m */; };
		BF9753A619D47889008198F7 /* Accelerate.framework in Frameworks */ = {isa = PBXBuildFile; fileRef = BF9753A419D47889008198F7 /* Accelerate.framework */; };
		BF9753A719D47889008198F7 /* AVFoundation.framework in Frameworks */ = {isa = PBXBuildFile; fileRef = BF9753A519D47889008198F7 /* AVFoundation.framework */; };
		BF9753AA19D4D6F7008198F7 /* SpectralFluxDetection.mm in Sources */ = {isa = PBXBuildFile; fileRef = BF9753A919D4D6F7008198F7 /* SpectralFluxDetection.mm */; };
		BFD63D811A95733500F30A44 /* ExportedFile.aiff in Resources */ = {isa = PBXBuildFile; fileRef = BFD63D801A95733500F30A44 /* ExportedFile.aiff */; };
		BFD63D831A9573D400F30A44 /* OriginalFile.aiff in Resources */ = {isa = PBXBuildFile; fileRef = BFD63D821A9573D400F30A44 /* OriginalFile.aiff */; };
		BFD63D861A95769400F30A44 /* libbass.a in Frameworks */ = {isa = PBXBuildFile; fileRef = BFD63D841A95769400F30A44 /* libbass.a */; };
		BFD63D891A957B6E00F30A44 /* libSuperpoweredAudio.a in Frameworks */ = {isa = PBXBuildFile; fileRef = BFD63D871A957B6E00F30A44 /* libSuperpoweredAudio.a */; };
		BFD63D8E1A957DD300F30A44 /* AudioToolbox.framework in Frameworks */ = {isa = PBXBuildFile; fileRef = BFD63D8D1A957DD300F30A44 /* AudioToolbox.framework */; };
		BFD63D911A957DEC00F30A44 /* CoreMedia.framework in Frameworks */ = {isa = PBXBuildFile; fileRef = BFD63D8F1A957DEC00F30A44 /* CoreMedia.framework */; };
		BFD63D921A957DEC00F30A44 /* MediaPlayer.framework in Frameworks */ = {isa = PBXBuildFile; fileRef = BFD63D901A957DEC00F30A44 /* MediaPlayer.framework */; };
/* End PBXBuildFile section */

/* Begin PBXContainerItemProxy section */
		BF97539219D473E9008198F7 /* PBXContainerItemProxy */ = {
			isa = PBXContainerItemProxy;
			containerPortal = BF97537019D473E9008198F7 /* Project object */;
			proxyType = 1;
			remoteGlobalIDString = BF97537719D473E9008198F7;
			remoteInfo = IOS_SpectralFlux;
		};
/* End PBXContainerItemProxy section */

/* Begin PBXFileReference section */
		BF97537819D473E9008198F7 /* IOS_SpectralFlux.app */ = {isa = PBXFileReference; explicitFileType = wrapper.application; includeInIndex = 0; path = IOS_SpectralFlux.app; sourceTree = BUILT_PRODUCTS_DIR; };
		BF97537C19D473E9008198F7 /* Info.plist */ = {isa = PBXFileReference; lastKnownFileType = text.plist.xml; path = Info.plist; sourceTree = "<group>"; };
		BF97537D19D473E9008198F7 /* main.m */ = {isa = PBXFileReference; lastKnownFileType = sourcecode.c.objc; path = main.m; sourceTree = "<group>"; };
		BF97537F19D473E9008198F7 /* AppDelegate.h */ = {isa = PBXFileReference; lastKnownFileType = sourcecode.c.h; path = AppDelegate.h; sourceTree = "<group>"; };
		BF97538019D473E9008198F7 /* AppDelegate.m */ = {isa = PBXFileReference; lastKnownFileType = sourcecode.c.objc; path = AppDelegate.m; sourceTree = "<group>"; };
		BF97538819D473E9008198F7 /* Images.xcassets */ = {isa = PBXFileReference; lastKnownFileType = folder.assetcatalog; path = Images.xcassets; sourceTree = "<group>"; };
		BF97539119D473E9008198F7 /* IOS_SpectralFluxTests.xctest */ = {isa = PBXFileReference; explicitFileType = wrapper.cfbundle; includeInIndex = 0; path = IOS_SpectralFluxTests.xctest; sourceTree = BUILT_PRODUCTS_DIR; };
		BF97539619D473E9008198F7 /* Info.plist */ = {isa = PBXFileReference; lastKnownFileType = text.plist.xml; path = Info.plist; sourceTree = "<group>"; };
		BF97539719D473E9008198F7 /* IOS_SpectralFluxTests.m */ = {isa = PBXFileReference; lastKnownFileType = sourcecode.c.objc; path = IOS_SpectralFluxTests.m; sourceTree = "<group>"; };
		BF9753A419D47889008198F7 /* Accelerate.framework */ = {isa = PBXFileReference; lastKnownFileType = wrapper.framework; name = Accelerate.framework; path = System/Library/Frameworks/Accelerate.framework; sourceTree = SDKROOT; };
		BF9753A519D47889008198F7 /* AVFoundation.framework */ = {isa = PBXFileReference; lastKnownFileType = wrapper.framework; name = AVFoundation.framework; path = System/Library/Frameworks/AVFoundation.framework; sourceTree = SDKROOT; };
		BF9753A819D4D6F7008198F7 /* SpectralFluxDetection.h */ = {isa = PBXFileReference; fileEncoding = 4; lastKnownFileType = sourcecode.c.h; path = SpectralFluxDetection.h; sourceTree = "<group>"; };
		BF9753A919D4D6F7008198F7 /* SpectralFluxDetection.mm */ = {isa = PBXFileReference; fileEncoding = 4; lastKnownFileType = sourcecode.cpp.objcpp; path = SpectralFluxDetection.mm; sourceTree = "<group>"; };
		BFD63D801A95733500F30A44 /* ExportedFile.aiff */ = {isa = PBXFileReference; lastKnownFileType = audio.aiff; path = ExportedFile.aiff; sourceTree = "<group>"; };
		BFD63D821A9573D400F30A44 /* OriginalFile.aiff */ = {isa = PBXFileReference; lastKnownFileType = audio.aiff; path = OriginalFile.aiff; sourceTree = "<group>"; };
		BFD63D841A95769400F30A44 /* libbass.a */ = {isa = PBXFileReference; lastKnownFileType = archive.ar; name = libbass.a; path = ../libbass.a; sourceTree = "<group>"; };
		BFD63D851A95769400F30A44 /* bass.h */ = {isa = PBXFileReference; fileEncoding = 4; lastKnownFileType = sourcecode.c.h; name = bass.h; path = ../bass.h; sourceTree = "<group>"; };
		BFD63D871A957B6E00F30A44 /* libSuperpoweredAudio.a */ = {isa = PBXFileReference; lastKnownFileType = archive.ar; name = libSuperpoweredAudio.a; path = ../libSuperpoweredAudio.a; sourceTree = "<group>"; };
		BFD63D8A1A957C2200F30A44 /* SuperpoweredAudioBuffers.h */ = {isa = PBXFileReference; fileEncoding = 4; lastKnownFileType = sourcecode.c.h; name = SuperpoweredAudioBuffers.h; path = ../SuperpoweredAudioBuffers.h; sourceTree = "<group>"; };
		BFD63D8B1A957C2200F30A44 /* SuperpoweredDecoder.h */ = {isa = PBXFileReference; fileEncoding = 4; lastKnownFileType = sourcecode.c.h; name = SuperpoweredDecoder.h; path = ../SuperpoweredDecoder.h; sourceTree = "<group>"; };
		BFD63D8C1A957D0800F30A44 /* SuperpoweredMixer.h */ = {isa = PBXFileReference; fileEncoding = 4; lastKnownFileType = sourcecode.c.h; name = SuperpoweredMixer.h; path = ../SuperpoweredMixer.h; sourceTree = "<group>"; };
		BFD63D8D1A957DD300F30A44 /* AudioToolbox.framework */ = {isa = PBXFileReference; lastKnownFileType = wrapper.framework; name = AudioToolbox.framework; path = System/Library/Frameworks/AudioToolbox.framework; sourceTree = SDKROOT; };
		BFD63D8F1A957DEC00F30A44 /* CoreMedia.framework */ = {isa = PBXFileReference; lastKnownFileType = wrapper.framework; name = CoreMedia.framework; path = System/Library/Frameworks/CoreMedia.framework; sourceTree = SDKROOT; };
		BFD63D901A957DEC00F30A44 /* MediaPlayer.framework */ = {isa = PBXFileReference; lastKnownFileType = wrapper.framework; name = MediaPlayer.framework; path = System/Library/Frameworks/MediaPlayer.framework; sourceTree = SDKROOT; };
/* End PBXFileReference section */

/* Begin PBXFrameworksBuildPhase section */
		BF97537519D473E9008198F7 /* Frameworks */ = {
			isa = PBXFrameworksBuildPhase;
			buildActionMask = 2147483647;
			files = (
				BFD63D911A957DEC00F30A44 /* CoreMedia.framework in Frameworks */,
				BFD63D921A957DEC00F30A44 /* MediaPlayer.framework in Frameworks */,
				BFD63D8E1A957DD300F30A44 /* AudioToolbox.framework in Frameworks */,
				BF9753A619D47889008198F7 /* Accelerate.framework in Frameworks */,
				BF9753A719D47889008198F7 /* AVFoundation.framework in Frameworks */,
				BFD63D861A95769400F30A44 /* libbass.a in Frameworks */,
				BFD63D891A957B6E00F30A44 /* libSuperpoweredAudio.a in Frameworks */,
			);
			runOnlyForDeploymentPostprocessing = 0;
		};
		BF97538E19D473E9008198F7 /* Frameworks */ = {
			isa = PBXFrameworksBuildPhase;
			buildActionMask = 2147483647;
			files = (
			);
			runOnlyForDeploymentPostprocessing = 0;
		};
/* End PBXFrameworksBuildPhase section */

/* Begin PBXGroup section */
		BF97536F19D473E9008198F7 = {
			isa = PBXGroup;
			children = (
				BF97537A19D473E9008198F7 /* IOS_SpectralFlux */,
				BF97539419D473E9008198F7 /* IOS_SpectralFluxTests */,
				BF97537919D473E9008198F7 /* Products */,
			);
			sourceTree = "<group>";
		};
		BF97537919D473E9008198F7 /* Products */ = {
			isa = PBXGroup;
			children = (
				BF97537819D473E9008198F7 /* IOS_SpectralFlux.app */,
				BF97539119D473E9008198F7 /* IOS_SpectralFluxTests.xctest */,
			);
			name = Products;
			sourceTree = "<group>";
		};
		BF97537A19D473E9008198F7 /* IOS_SpectralFlux */ = {
			isa = PBXGroup;
			children = (
				BFD63D931A957F1C00F30A44 /* ressources */,
				BF9753A819D4D6F7008198F7 /* SpectralFluxDetection.h */,
				BF9753A919D4D6F7008198F7 /* SpectralFluxDetection.mm */,
				BF97537F19D473E9008198F7 /* AppDelegate.h */,
				BF97538019D473E9008198F7 /* AppDelegate.m */,
				BF97538819D473E9008198F7 /* Images.xcassets */,
				BF97537B19D473E9008198F7 /* Supporting Files */,
			);
			path = IOS_SpectralFlux;
			sourceTree = "<group>";
		};
		BF97537B19D473E9008198F7 /* Supporting Files */ = {
			isa = PBXGroup;
			children = (
				BF97537C19D473E9008198F7 /* Info.plist */,
				BF97537D19D473E9008198F7 /* main.m */,
			);
			name = "Supporting Files";
			sourceTree = "<group>";
		};
		BF97539419D473E9008198F7 /* IOS_SpectralFluxTests */ = {
			isa = PBXGroup;
			children = (
				BF97539719D473E9008198F7 /* IOS_SpectralFluxTests.m */,
				BF97539519D473E9008198F7 /* Supporting Files */,
			);
			path = IOS_SpectralFluxTests;
			sourceTree = "<group>";
		};
		BF97539519D473E9008198F7 /* Supporting Files */ = {
			isa = PBXGroup;
			children = (
				BF97539619D473E9008198F7 /* Info.plist */,
			);
			name = "Supporting Files";
			sourceTree = "<group>";
		};
		BF9753A119D474FD008198F7 /* Audio */ = {
			isa = PBXGroup;
			children = (
				BFD63D821A9573D400F30A44 /* OriginalFile.aiff */,
				BFD63D801A95733500F30A44 /* ExportedFile.aiff */,
			);
			name = Audio;
			sourceTree = "<group>";
		};
		BFD63D931A957F1C00F30A44 /* ressources */ = {
			isa = PBXGroup;
			children = (
				BF9753A519D47889008198F7 /* AVFoundation.framework */,
				BF9753A419D47889008198F7 /* Accelerate.framework */,
				BFD63D8F1A957DEC00F30A44 /* CoreMedia.framework */,
				BFD63D901A957DEC00F30A44 /* MediaPlayer.framework */,
				BFD63D8D1A957DD300F30A44 /* AudioToolbox.framework */,
				BFD63D8C1A957D0800F30A44 /* SuperpoweredMixer.h */,
				BFD63D8A1A957C2200F30A44 /* SuperpoweredAudioBuffers.h */,
				BFD63D8B1A957C2200F30A44 /* SuperpoweredDecoder.h */,
				BFD63D871A957B6E00F30A44 /* libSuperpoweredAudio.a */,
				BFD63D841A95769400F30A44 /* libbass.a */,
				BFD63D851A95769400F30A44 /* bass.h */,
				BF9753A119D474FD008198F7 /* Audio */,
			);
			name = ressources;
			sourceTree = "<group>";
		};
/* End PBXGroup section */

/* Begin PBXNativeTarget section */
		BF97537719D473E9008198F7 /* IOS_SpectralFlux */ = {
			isa = PBXNativeTarget;
			buildConfigurationList = BF97539B19D473E9008198F7 /* Build configuration list for PBXNativeTarget "IOS_SpectralFlux" */;
			buildPhases = (
				BF97537419D473E9008198F7 /* Sources */,
				BF97537519D473E9008198F7 /* Frameworks */,
				BF97537619D473E9008198F7 /* Resources */,
			);
			buildRules = (
			);
			dependencies = (
			);
			name = IOS_SpectralFlux;
			productName = IOS_SpectralFlux;
			productReference = BF97537819D473E9008198F7 /* IOS_SpectralFlux.app */;
			productType = "com.apple.product-type.application";
		};
		BF97539019D473E9008198F7 /* IOS_SpectralFluxTests */ = {
			isa = PBXNativeTarget;
			buildConfigurationList = BF97539E19D473E9008198F7 /* Build configuration list for PBXNativeTarget "IOS_SpectralFluxTests" */;
			buildPhases = (
				BF97538D19D473E9008198F7 /* Sources */,
				BF97538E19D473E9008198F7 /* Frameworks */,
				BF97538F19D473E9008198F7 /* Resources */,
			);
			buildRules = (
			);
			dependencies = (
				BF97539319D473E9008198F7 /* PBXTargetDependency */,
			);
			name = IOS_SpectralFluxTests;
			productName = IOS_SpectralFluxTests;
			productReference = BF97539119D473E9008198F7 /* IOS_SpectralFluxTests.xctest */;
			productType = "com.apple.product-type.bundle.unit-test";
		};
/* End PBXNativeTarget section */

/* Begin PBXProject section */
		BF97537019D473E9008198F7 /* Project object */ = {
			isa = PBXProject;
			attributes = {
				LastUpgradeCheck = 0600;
				ORGANIZATIONNAME = SpectralFlux;
				TargetAttributes = {
					BF97537719D473E9008198F7 = {
						CreatedOnToolsVersion = 6.0;
					};
					BF97539019D473E9008198F7 = {
						CreatedOnToolsVersion = 6.0;
						TestTargetID = BF97537719D473E9008198F7;
					};
				};
			};
			buildConfigurationList = BF97537319D473E9008198F7 /* Build configuration list for PBXProject "IOS_SpectralFlux" */;
			compatibilityVersion = "Xcode 3.2";
			developmentRegion = English;
			hasScannedForEncodings = 0;
			knownRegions = (
				en,
				Base,
			);
			mainGroup = BF97536F19D473E9008198F7;
			productRefGroup = BF97537919D473E9008198F7 /* Products */;
			projectDirPath = "";
			projectRoot = "";
			targets = (
				BF97537719D473E9008198F7 /* IOS_SpectralFlux */,
				BF97539019D473E9008198F7 /* IOS_SpectralFluxTests */,
			);
		};
/* End PBXProject section */

/* Begin PBXResourcesBuildPhase section */
		BF97537619D473E9008198F7 /* Resources */ = {
			isa = PBXResourcesBuildPhase;
			buildActionMask = 2147483647;
			files = (
				BF97538919D473E9008198F7 /* Images.xcassets in Resources */,
				BFD63D831A9573D400F30A44 /* OriginalFile.aiff in Resources */,
				BFD63D811A95733500F30A44 /* ExportedFile.aiff in Resources */,
			);
			runOnlyForDeploymentPostprocessing = 0;
		};
		BF97538F19D473E9008198F7 /* Resources */ = {
			isa = PBXResourcesBuildPhase;
			buildActionMask = 2147483647;
			files = (
			);
			runOnlyForDeploymentPostprocessing = 0;
		};
/* End PBXResourcesBuildPhase section */

/* Begin PBXSourcesBuildPhase section */
		BF97537419D473E9008198F7 /* Sources */ = {
			isa = PBXSourcesBuildPhase;
			buildActionMask = 2147483647;
			files = (
				BF97538119D473E9008198F7 /* AppDelegate.m in Sources */,
				BF9753AA19D4D6F7008198F7 /* SpectralFluxDetection.mm in Sources */,
				BF97537E19D473E9008198F7 /* main.m in Sources */,
			);
			runOnlyForDeploymentPostprocessing = 0;
		};
		BF97538D19D473E9008198F7 /* Sources */ = {
			isa = PBXSourcesBuildPhase;
			buildActionMask = 2147483647;
			files = (
				BF97539819D473E9008198F7 /* IOS_SpectralFluxTests.m in Sources */,
			);
			runOnlyForDeploymentPostprocessing = 0;
		};
/* End PBXSourcesBuildPhase section */

/* Begin PBXTargetDependency section */
		BF97539319D473E9008198F7 /* PBXTargetDependency */ = {
			isa = PBXTargetDependency;
			target = BF97537719D473E9008198F7 /* IOS_SpectralFlux */;
			targetProxy = BF97539219D473E9008198F7 /* PBXContainerItemProxy */;
		};
/* End PBXTargetDependency section */

/* Begin XCBuildConfiguration section */
		BF97539919D473E9008198F7 /* Debug */ = {
			isa = XCBuildConfiguration;
			buildSettings = {
				ALWAYS_SEARCH_USER_PATHS = NO;
				CLANG_CXX_LANGUAGE_STANDARD = "gnu++0x";
				CLANG_CXX_LIBRARY = "libc++";
				CLANG_ENABLE_MODULES = YES;
				CLANG_ENABLE_OBJC_ARC = YES;
				CLANG_WARN_BOOL_CONVERSION = YES;
				CLANG_WARN_CONSTANT_CONVERSION = YES;
				CLANG_WARN_DIRECT_OBJC_ISA_USAGE = YES_ERROR;
				CLANG_WARN_EMPTY_BODY = YES;
				CLANG_WARN_ENUM_CONVERSION = YES;
				CLANG_WARN_INT_CONVERSION = YES;
				CLANG_WARN_OBJC_ROOT_CLASS = YES_ERROR;
				CLANG_WARN_UNREACHABLE_CODE = YES;
				CLANG_WARN__DUPLICATE_METHOD_MATCH = YES;
				"CODE_SIGN_IDENTITY[sdk=iphoneos*]" = "iPhone Developer";
				COPY_PHASE_STRIP = NO;
				ENABLE_STRICT_OBJC_MSGSEND = YES;
				GCC_C_LANGUAGE_STANDARD = gnu99;
				GCC_DYNAMIC_NO_PIC = NO;
				GCC_OPTIMIZATION_LEVEL = 0;
				GCC_PREPROCESSOR_DEFINITIONS = (
					"DEBUG=1",
					"$(inherited)",
				);
				GCC_SYMBOLS_PRIVATE_EXTERN = NO;
				GCC_WARN_64_TO_32_BIT_CONVERSION = YES;
				GCC_WARN_ABOUT_RETURN_TYPE = YES_ERROR;
				GCC_WARN_UNDECLARED_SELECTOR = YES;
				GCC_WARN_UNINITIALIZED_AUTOS = YES_AGGRESSIVE;
				GCC_WARN_UNUSED_FUNCTION = YES;
				GCC_WARN_UNUSED_VARIABLE = YES;
				IPHONEOS_DEPLOYMENT_TARGET = 8.0;
				MTL_ENABLE_DEBUG_INFO = YES;
				ONLY_ACTIVE_ARCH = YES;
				SDKROOT = iphoneos;
				TARGETED_DEVICE_FAMILY = "1,2";
			};
			name = Debug;
		};
		BF97539A19D473E9008198F7 /* Release */ = {
			isa = XCBuildConfiguration;
			buildSettings = {
				ALWAYS_SEARCH_USER_PATHS = NO;
				CLANG_CXX_LANGUAGE_STANDARD = "gnu++0x";
				CLANG_CXX_LIBRARY = "libc++";
				CLANG_ENABLE_MODULES = YES;
				CLANG_ENABLE_OBJC_ARC = YES;
				CLANG_WARN_BOOL_CONVERSION = YES;
				CLANG_WARN_CONSTANT_CONVERSION = YES;
				CLANG_WARN_DIRECT_OBJC_ISA_USAGE = YES_ERROR;
				CLANG_WARN_EMPTY_BODY = YES;
				CLANG_WARN_ENUM_CONVERSION = YES;
				CLANG_WARN_INT_CONVERSION = YES;
				CLANG_WARN_OBJC_ROOT_CLASS = YES_ERROR;
				CLANG_WARN_UNREACHABLE_CODE = YES;
				CLANG_WARN__DUPLICATE_METHOD_MATCH = YES;
				"CODE_SIGN_IDENTITY[sdk=iphoneos*]" = "iPhone Developer";
				COPY_PHASE_STRIP = YES;
				ENABLE_NS_ASSERTIONS = NO;
				ENABLE_STRICT_OBJC_MSGSEND = YES;
				GCC_C_LANGUAGE_STANDARD = gnu99;
				GCC_WARN_64_TO_32_BIT_CONVERSION = YES;
				GCC_WARN_ABOUT_RETURN_TYPE = YES_ERROR;
				GCC_WARN_UNDECLARED_SELECTOR = YES;
				GCC_WARN_UNINITIALIZED_AUTOS = YES_AGGRESSIVE;
				GCC_WARN_UNUSED_FUNCTION = YES;
				GCC_WARN_UNUSED_VARIABLE = YES;
				IPHONEOS_DEPLOYMENT_TARGET = 8.0;
				MTL_ENABLE_DEBUG_INFO = NO;
				SDKROOT = iphoneos;
				TARGETED_DEVICE_FAMILY = "1,2";
				VALIDATE_PRODUCT = YES;
			};
			name = Release;
		};
		BF97539C19D473E9008198F7 /* Debug */ = {
			isa = XCBuildConfiguration;
			buildSettings = {
				ASSETCATALOG_COMPILER_APPICON_NAME = AppIcon;
				INFOPLIST_FILE = IOS_SpectralFlux/Info.plist;
				LD_RUNPATH_SEARCH_PATHS = "$(inherited) @executable_path/Frameworks";
				LIBRARY_SEARCH_PATHS = (
					"$(inherited)",
					"$(PROJECT_DIR)",
				);
				PRODUCT_NAME = "$(TARGET_NAME)";
			};
			name = Debug;
		};
		BF97539D19D473E9008198F7 /* Release */ = {
			isa = XCBuildConfiguration;
			buildSettings = {
				ASSETCATALOG_COMPILER_APPICON_NAME = AppIcon;
				INFOPLIST_FILE = IOS_SpectralFlux/Info.plist;
				LD_RUNPATH_SEARCH_PATHS = "$(inherited) @executable_path/Frameworks";
				LIBRARY_SEARCH_PATHS = (
					"$(inherited)",
					"$(PROJECT_DIR)",
				);
				PRODUCT_NAME = "$(TARGET_NAME)";
			};
			name = Release;
		};
		BF97539F19D473E9008198F7 /* Debug */ = {
			isa = XCBuildConfiguration;
			buildSettings = {
				BUNDLE_LOADER = "$(TEST_HOST)";
				FRAMEWORK_SEARCH_PATHS = (
					"$(SDKROOT)/Developer/Library/Frameworks",
					"$(inherited)",
				);
				GCC_PREPROCESSOR_DEFINITIONS = (
					"DEBUG=1",
					"$(inherited)",
				);
				INFOPLIST_FILE = IOS_SpectralFluxTests/Info.plist;
				LD_RUNPATH_SEARCH_PATHS = "$(inherited) @executable_path/Frameworks @loader_path/Frameworks";
				PRODUCT_NAME = "$(TARGET_NAME)";
				TEST_HOST = "$(BUILT_PRODUCTS_DIR)/IOS_SpectralFlux.app/IOS_SpectralFlux";
			};
			name = Debug;
		};
		BF9753A019D473E9008198F7 /* Release */ = {
			isa = XCBuildConfiguration;
			buildSettings = {
				BUNDLE_LOADER = "$(TEST_HOST)";
				FRAMEWORK_SEARCH_PATHS = (
					"$(SDKROOT)/Developer/Library/Frameworks",
					"$(inherited)",
				);
				INFOPLIST_FILE = IOS_SpectralFluxTests/Info.plist;
				LD_RUNPATH_SEARCH_PATHS = "$(inherited) @executable_path/Frameworks @loader_path/Frameworks";
				PRODUCT_NAME = "$(TARGET_NAME)";
				TEST_HOST = "$(BUILT_PRODUCTS_DIR)/IOS_SpectralFlux.app/IOS_SpectralFlux";
			};
			name = Release;
		};
/* End XCBuildConfiguration section */

/* Begin XCConfigurationList section */
		BF97537319D473E9008198F7 /* Build configuration list for PBXProject "IOS_SpectralFlux" */ = {
			isa = XCConfigurationList;
			buildConfigurations = (
				BF97539919D473E9008198F7 /* Debug */,
				BF97539A19D473E9008198F7 /* Release */,
			);
			defaultConfigurationIsVisible = 0;
			defaultConfigurationName = Release;
		};
		BF97539B19D473E9008198F7 /* Build configuration list for PBXNativeTarget "IOS_SpectralFlux" */ = {
			isa = XCConfigurationList;
			buildConfigurations = (
				BF97539C19D473E9008198F7 /* Debug */,
				BF97539D19D473E9008198F7 /* Release */,
			);
			defaultConfigurationIsVisible = 0;
			defaultConfigurationName = Release;
		};
		BF97539E19D473E9008198F7 /* Build configuration list for PBXNativeTarget "IOS_SpectralFluxTests" */ = {
			isa = XCConfigurationList;
			buildConfigurations = (
				BF97539F19D473E9008198F7 /* Debug */,
				BF9753A019D473E9008198F7 /* Release */,
			);
			defaultConfigurationIsVisible = 0;
			defaultConfigurationName = Release;
		};
/* End XCConfigurationList section */
	};
	rootObject = BF97537019D473E9008198F7 /* Project object */;
}
